
Microsoft Visual Studio Solution File, Format Version 12.00
# Visual Studio 15
VisualStudioVersion = 15.0.27428.2043
MinimumVisualStudioVersion = 10.0.40219.1
Project("{9A19103F-16F7-4668-BE54-9A1E7A4F7556}") = "forward-chaining", "forward-chaining\forward-chaining.csproj", "{03C49666-003B-455B-A26D-01199AE2594E}"
EndProject
Project("{FAE04EC0-301F-11D3-BF4B-00C04F79EFBC}") = "backward-chaining", "backward-chaining\backward-chaining.csproj", "{D6AEFED4-9A4D-4B50-829A-C6907C41BB38}"
EndProject
Global
	GlobalSection(SolutionConfigurationPlatforms) = preSolution
		Debug|Any CPU = Debug|Any CPU
		Release|Any CPU = Release|Any CPU
	EndGlobalSection
	GlobalSection(ProjectConfigurationPlatforms) = postSolution
		{03C49666-003B-455B-A26D-01199AE2594E}.Debug|Any CPU.ActiveCfg = Debug|Any CPU
		{03C49666-003B-455B-A26D-01199AE2594E}.Debug|Any CPU.Build.0 = Debug|Any CPU
		{03C49666-003B-455B-A26D-01199AE2594E}.Release|Any CPU.ActiveCfg = Release|Any CPU
		{03C49666-003B-455B-A26D-01199AE2594E}.Release|Any CPU.Build.0 = Release|Any CPU
		{D6AEFED4-9A4D-4B50-829A-C6907C41BB38}.Debug|Any CPU.ActiveCfg = Debug|Any CPU
		{D6AEFED4-9A4D-4B50-829A-C6907C41BB38}.Debug|Any CPU.Build.0 = Debug|Any CPU
		{D6AEFED4-9A4D-4B50-829A-C6907C41BB38}.Release|Any CPU.ActiveCfg = Release|Any CPU
		{D6AEFED4-9A4D-4B50-829A-C6907C41BB38}.Release|Any CPU.Build.0 = Release|Any CPU
	EndGlobalSection
	GlobalSection(SolutionProperties) = preSolution
		HideSolutionNode = FALSE
	EndGlobalSection
	GlobalSection(ExtensibilityGlobals) = postSolution
		SolutionGuid = {7AB3E028-51CF-454F-856D-373DBDFF588E}
	EndGlobalSection
EndGlobal
